<?xml version="1.0" encoding="utf-8"?>
<Project ToolsVersion="4.0" xmlns="http://schemas.microsoft.com/developer/msbuild/2003">
  <ItemGroup>
    <Filter Include="Source Files">
      <UniqueIdentifier>{9711f31f-2bf7-4a75-bcac-07a3d63cde1a}</UniqueIdentifier>
      <Extensions>cpp;c;cxx;rc;def;r;odl;idl;hpj;bat;for;f90</Extensions>
    </Filter>
    <Filter Include="Source Files\common">
      <UniqueIdentifier>{5de8d4ab-7f83-4409-9b7a-72d405820b95}</UniqueIdentifier>
    </Filter>
    <Filter Include="Header Files">
      <UniqueIdentifier>{8844422d-8c81-4887-b6b4-330edaccfdbe}</UniqueIdentifier>
      <Extensions>h;hpp;hxx;hm;inl;fi;fd</Extensions>
    </Filter>
  </ItemGroup>
  <ItemGroup>
    <ClCompile Include="..\common\blockmem.cpp">
      <Filter>Source Files\common</Filter>
    </ClCompile>
    <ClCompile Include="..\common\bspfile.cpp">
      <Filter>Source Files\common</Filter>
    </ClCompile>
    <ClCompile Include="..\common\cmdlib.cpp">
      <Filter>Source Files\common</Filter>
    </ClCompile>
    <ClCompile Include="..\common\cmdlinecfg.cpp">
      <Filter>Source Files\common</Filter>
    </ClCompile>
    <ClCompile Include="..\common\filelib.cpp">
      <Filter>Source Files\common</Filter>
    </ClCompile>
    <ClCompile Include="..\common\log.cpp">
      <Filter>Source Files\common</Filter>
    </ClCompile>
    <ClCompile Include="..\common\mathlib.cpp">
      <Filter>Source Files\common</Filter>
    </ClCompile>
    <ClCompile Include="..\common\messages.cpp">
      <Filter>Source Files\common</Filter>
    </ClCompile>
    <ClCompile Include="..\common\scriplib.cpp">
      <Filter>Source Files\common</Filter>
    </ClCompile>
    <ClCompile Include="..\common\threads.cpp">
      <Filter>Source Files\common</Filter>
    </ClCompile>
    <ClCompile Include="..\common\winding.cpp">
      <Filter>Source Files\common</Filter>
    </ClCompile>
    <ClCompile Include="ansitoutf8.cpp">
      <Filter>Source Files</Filter>
    </ClCompile>
    <ClCompile Include="brush.cpp">
      <Filter>Source Files</Filter>
    </ClCompile>
    <ClCompile Include="brushunion.cpp">
      <Filter>Source Files</Filter>
    </ClCompile>
    <ClCompile Include="hullfile.cpp">
      <Filter>Source Files</Filter>
    </ClCompile>
    <ClCompile Include="map.cpp">
      <Filter>Source Files</Filter>
    </ClCompile>
    <ClCompile Include="properties.cpp">
      <Filter>Source Files</Filter>
    </ClCompile>
    <ClCompile Include="qcsg.cpp">
      <Filter>Source Files</Filter>
    </ClCompile>
    <ClCompile Include="textures.cpp">
      <Filter>Source Files</Filter>
    </ClCompile>
    <ClCompile Include="wadcfg.cpp">
      <Filter>Source Files</Filter>
    </ClCompile>
    <ClCompile Include="wadpath.cpp">
      <Filter>Source Files</Filter>
    </ClCompile>
  </ItemGroup>
  <ItemGroup>
    <ClInclude Include="..\template\basictypes.h">
      <Filter>Header Files</Filter>
    </ClInclude>
    <ClInclude Include="..\common\blockmem.h">
      <Filter>Header Files</Filter>
    </ClInclude>
    <ClInclude Include="..\common\boundingbox.h">
      <Filter>Header Files</Filter>
    </ClInclude>
    <ClInclude Include="..\common\bspfile.h">
      <Filter>Header Files</Filter>
    </ClInclude>
    <ClInclude Include="..\common\cmdlib.h">
      <Filter>Header Files</Filter>
    </ClInclude>
    <ClInclude Include="..\common\cmdlinecfg.h">
      <Filter>Header Files</Filter>
    </ClInclude>
    <ClInclude Include="csg.h">
      <Filter>Header Files</Filter>
    </ClInclude>
    <ClInclude Include="..\common\filelib.h">
      <Filter>Header Files</Filter>
    </ClInclude>
    <ClInclude Include="..\common\hlassert.h">
      <Filter>Header Files</Filter>
    </ClInclude>
    <ClInclude Include="..\common\log.h">
      <Filter>Header Files</Filter>
    </ClInclude>
    <ClInclude Include="..\common\mathlib.h">
      <Filter>Header Files</Filter>
    </ClInclude>
    <ClInclude Include="..\common\mathtypes.h">
      <Filter>Header Files</Filter>
    </ClInclude>
    <ClInclude Include="..\common\messages.h">
      <Filter>Header Files</Filter>
    </ClInclude>
    <ClInclude Include="..\common\scriplib.h">
      <Filter>Header Files</Filter>
    </ClInclude>
    <ClInclude Include="..\common\threads.h">
      <Filter>Header Files</Filter>
    </ClInclude>
    <ClInclude Include="wadpath.h">
      <Filter>Header Files</Filter>
    </ClInclude>
    <ClInclude Include="..\common\win32fix.h">
      <Filter>Header Files</Filter>
    </ClInclude>
    <ClInclude Include="..\common\winding.h">
      <Filter>Header Files</Filter>
    </ClInclude>
  </ItemGroup>
</Project>