
Microsoft Visual Studio Solution File, Format Version 12.00
# Visual Studio Version 17
VisualStudioVersion = 17.3.32819.101
MinimumVisualStudioVersion = 10.0.40219.1
Project("{8BC9CEB8-8B4A-11D0-8D11-00A0C91BC942}") = "sdHLBSP", "sdHLBSP\sdHLBSP.vcxproj", "{E75CEB5E-EBAE-1E7D-A626-81604E140A5F}"
EndProject
Project("{8BC9CEB8-8B4A-11D0-8D11-00A0C91BC942}") = "sdHLCSG", "sdHLCSG\sdHLCSG.vcxproj", "{505681C2-3E57-300B-D330-46DD50C147D2}"
EndProject
Project("{8BC9CEB8-8B4A-11D0-8D11-00A0C91BC942}") = "sdHLRAD", "sdHLRAD\sdHLRAD.vcxproj", "{3B5F6C9B-1238-1ECF-14D8-01E4C3AB0EE1}"
EndProject
Project("{8BC9CEB8-8B4A-11D0-8D11-00A0C91BC942}") = "sdHLVIS", "sdHLVIS\sdHLVIS.vcxproj", "{76051CAC-5741-AF85-0C95-3A214F58D9AD}"
EndProject
Project("{8BC9CEB8-8B4A-11D0-8D11-00A0C91BC942}") = "sdRIPENT", "sdRIPENT\sdRIPENT.vcxproj", "{B057E5AD-13AF-2277-D7E0-2A7A16A9340F}"
EndProject
Global
	GlobalSection(SolutionConfigurationPlatforms) = preSolution
		Release|Win32 = Release|Win32
		Release|x64 = Release|x64
	EndGlobalSection
	GlobalSection(ProjectConfigurationPlatforms) = postSolution
		{E75CEB5E-EBAE-1E7D-A626-81604E140A5F}.Release|Win32.ActiveCfg = Release|Win32
		{E75CEB5E-EBAE-1E7D-A626-81604E140A5F}.Release|Win32.Build.0 = Release|Win32
		{E75CEB5E-EBAE-1E7D-A626-81604E140A5F}.Release|x64.ActiveCfg = Release|x64
		{E75CEB5E-EBAE-1E7D-A626-81604E140A5F}.Release|x64.Build.0 = Release|x64
		{505681C2-3E57-300B-D330-46DD50C147D2}.Release|Win32.ActiveCfg = Release|Win32
		{505681C2-3E57-300B-D330-46DD50C147D2}.Release|Win32.Build.0 = Release|Win32
		{505681C2-3E57-300B-D330-46DD50C147D2}.Release|x64.ActiveCfg = Release|x64
		{505681C2-3E57-300B-D330-46DD50C147D2}.Release|x64.Build.0 = Release|x64
		{3B5F6C9B-1238-1ECF-14D8-01E4C3AB0EE1}.Release|Win32.ActiveCfg = Release|Win32
		{3B5F6C9B-1238-1ECF-14D8-01E4C3AB0EE1}.Release|Win32.Build.0 = Release|Win32
		{3B5F6C9B-1238-1ECF-14D8-01E4C3AB0EE1}.Release|x64.ActiveCfg = Release|x64
		{3B5F6C9B-1238-1ECF-14D8-01E4C3AB0EE1}.Release|x64.Build.0 = Release|x64
		{76051CAC-5741-AF85-0C95-3A214F58D9AD}.Release|Win32.ActiveCfg = Release|Win32
		{76051CAC-5741-AF85-0C95-3A214F58D9AD}.Release|Win32.Build.0 = Release|Win32
		{76051CAC-5741-AF85-0C95-3A214F58D9AD}.Release|x64.ActiveCfg = Release|x64
		{76051CAC-5741-AF85-0C95-3A214F58D9AD}.Release|x64.Build.0 = Release|x64
		{B057E5AD-13AF-2277-D7E0-2A7A16A9340F}.Release|Win32.ActiveCfg = Release|Win32
		{B057E5AD-13AF-2277-D7E0-2A7A16A9340F}.Release|Win32.Build.0 = Release|Win32
		{B057E5AD-13AF-2277-D7E0-2A7A16A9340F}.Release|x64.ActiveCfg = Release|x64
		{B057E5AD-13AF-2277-D7E0-2A7A16A9340F}.Release|x64.Build.0 = Release|x64
	EndGlobalSection
	GlobalSection(SolutionProperties) = preSolution
		HideSolutionNode = FALSE
	EndGlobalSection
	GlobalSection(ExtensibilityGlobals) = postSolution
		SolutionGuid = {9690CA90-BBAE-433F-8FBC-2738D808EC72}
	EndGlobalSection
EndGlobal
